
Microsoft Visual Studio Solution File, Format Version 12.00
# Visual Studio Version 17
VisualStudioVersion = 17.13.35828.75 d17.13
MinimumVisualStudioVersion = 10.0.40219.1
Project("{FAE04EC0-301F-11D3-BF4B-00C04F79EFBC}") = "crud-perfume", "crud-perfume.csproj", "{7DAAB892-66EB-42AC-9D09-D3D597CCAC45}"
EndProject
Global
	GlobalSection(SolutionConfigurationPlatforms) = preSolution
		Debug|Any CPU = Debug|Any CPU
		Release|Any CPU = Release|Any CPU
	EndGlobalSection
	GlobalSection(ProjectConfigurationPlatforms) = postSolution
		{7DAAB892-66EB-42AC-9D09-D3D597CCAC45}.Debug|Any CPU.ActiveCfg = Debug|Any CPU
		{7DAAB892-66EB-42AC-9D09-D3D597CCAC45}.Debug|Any CPU.Build.0 = Debug|Any CPU
		{7DAAB892-66EB-42AC-9D09-D3D597CCAC45}.Release|Any CPU.ActiveCfg = Release|Any CPU
		{7DAAB892-66EB-42AC-9D09-D3D597CCAC45}.Release|Any CPU.Build.0 = Release|Any CPU
	EndGlobalSection
	GlobalSection(SolutionProperties) = preSolution
		HideSolutionNode = FALSE
	EndGlobalSection
	GlobalSection(ExtensibilityGlobals) = postSolution
		SolutionGuid = {58EBBF44-86D6-4AF5-AA8A-8889F4E4373F}
	EndGlobalSection
EndGlobal
